
Microsoft Visual Studio Solution File, Format Version 12.00
# Visual Studio Version 16
VisualStudioVersion = 16.0.29201.188
MinimumVisualStudioVersion = 10.0.40219.1
Project("{FAE04EC0-301F-11D3-BF4B-00C04F79EFBC}") = "Add_txt", "Add_txt.csproj", "{6431B9BC-1728-4C09-BC68-A3C1585D4FB0}"
EndProject
Global
	GlobalSection(SolutionConfigurationPlatforms) = preSolution
		Debug|Any CPU = Debug|Any CPU
		Release|Any CPU = Release|Any CPU
	EndGlobalSection
	GlobalSection(ProjectConfigurationPlatforms) = postSolution
		{6431B9BC-1728-4C09-BC68-A3C1585D4FB0}.Debug|Any CPU.ActiveCfg = Debug|Any CPU
		{6431B9BC-1728-4C09-BC68-A3C1585D4FB0}.Debug|Any CPU.Build.0 = Debug|Any CPU
		{6431B9BC-1728-4C09-BC68-A3C1585D4FB0}.Release|Any CPU.ActiveCfg = Release|Any CPU
		{6431B9BC-1728-4C09-BC68-A3C1585D4FB0}.Release|Any CPU.Build.0 = Release|Any CPU
	EndGlobalSection
	GlobalSection(SolutionProperties) = preSolution
		HideSolutionNode = FALSE
	EndGlobalSection
	GlobalSection(ExtensibilityGlobals) = postSolution
		SolutionGuid = {9FAA5DD5-83C1-47E1-B16C-5924C93A74B4}
	EndGlobalSection
EndGlobal
